
Microsoft Visual Studio Solution File, Format Version 12.00
# Visual Studio Version 16
VisualStudioVersion = 16.0.31729.503
MinimumVisualStudioVersion = 10.0.40219.1
Project("{FAE04EC0-301F-11D3-BF4B-00C04F79EFBC}") = "Lab8WpfApp", "Lab8WpfApp\Lab8WpfApp.csproj", "{8C8BFBB3-47DC-4A92-835A-07794CCF486A}"
EndProject
Global
	GlobalSection(SolutionConfigurationPlatforms) = preSolution
		Debug|Any CPU = Debug|Any CPU
		Release|Any CPU = Release|Any CPU
	EndGlobalSection
	GlobalSection(ProjectConfigurationPlatforms) = postSolution
		{8C8BFBB3-47DC-4A92-835A-07794CCF486A}.Debug|Any CPU.ActiveCfg = Debug|Any CPU
		{8C8BFBB3-47DC-4A92-835A-07794CCF486A}.Debug|Any CPU.Build.0 = Debug|Any CPU
		{8C8BFBB3-47DC-4A92-835A-07794CCF486A}.Release|Any CPU.ActiveCfg = Release|Any CPU
		{8C8BFBB3-47DC-4A92-835A-07794CCF486A}.Release|Any CPU.Build.0 = Release|Any CPU
	EndGlobalSection
	GlobalSection(SolutionProperties) = preSolution
		HideSolutionNode = FALSE
	EndGlobalSection
	GlobalSection(ExtensibilityGlobals) = postSolution
		SolutionGuid = {D3FB926E-FB1B-4018-A7ED-D71229836D3E}
	EndGlobalSection
EndGlobal
